
Microsoft Visual Studio Solution File, Format Version 12.00
# Visual Studio Version 17
VisualStudioVersion = 17.0.32014.148
MinimumVisualStudioVersion = 10.0.40219.1
Project("{FAE04EC0-301F-11D3-BF4B-00C04F79EFBC}") = "ShopTrainingApp.Server", "ShopTrainingApp\Server\ShopTrainingApp.Server.csproj", "{F5B1D4C8-C1D9-4A29-9FDE-55749BC4254E}"
EndProject
Project("{FAE04EC0-301F-11D3-BF4B-00C04F79EFBC}") = "ShopTrainingApp.Client", "ShopTrainingApp\Client\ShopTrainingApp.Client.csproj", "{58210440-8514-4939-B46A-643DD2684CD5}"
EndProject
Project("{FAE04EC0-301F-11D3-BF4B-00C04F79EFBC}") = "ShopTrainingApp.Shared", "ShopTrainingApp\Shared\ShopTrainingApp.Shared.csproj", "{5B35EB97-D107-49E4-9A82-79B1FEA5BCCC}"
EndProject
Global
	GlobalSection(SolutionConfigurationPlatforms) = preSolution
		Debug|Any CPU = Debug|Any CPU
		Release|Any CPU = Release|Any CPU
	EndGlobalSection
	GlobalSection(ProjectConfigurationPlatforms) = postSolution
		{F5B1D4C8-C1D9-4A29-9FDE-55749BC4254E}.Debug|Any CPU.ActiveCfg = Debug|Any CPU
		{F5B1D4C8-C1D9-4A29-9FDE-55749BC4254E}.Debug|Any CPU.Build.0 = Debug|Any CPU
		{F5B1D4C8-C1D9-4A29-9FDE-55749BC4254E}.Release|Any CPU.ActiveCfg = Release|Any CPU
		{F5B1D4C8-C1D9-4A29-9FDE-55749BC4254E}.Release|Any CPU.Build.0 = Release|Any CPU
		{58210440-8514-4939-B46A-643DD2684CD5}.Debug|Any CPU.ActiveCfg = Debug|Any CPU
		{58210440-8514-4939-B46A-643DD2684CD5}.Debug|Any CPU.Build.0 = Debug|Any CPU
		{58210440-8514-4939-B46A-643DD2684CD5}.Release|Any CPU.ActiveCfg = Release|Any CPU
		{58210440-8514-4939-B46A-643DD2684CD5}.Release|Any CPU.Build.0 = Release|Any CPU
		{5B35EB97-D107-49E4-9A82-79B1FEA5BCCC}.Debug|Any CPU.ActiveCfg = Debug|Any CPU
		{5B35EB97-D107-49E4-9A82-79B1FEA5BCCC}.Debug|Any CPU.Build.0 = Debug|Any CPU
		{5B35EB97-D107-49E4-9A82-79B1FEA5BCCC}.Release|Any CPU.ActiveCfg = Release|Any CPU
		{5B35EB97-D107-49E4-9A82-79B1FEA5BCCC}.Release|Any CPU.Build.0 = Release|Any CPU
	EndGlobalSection
	GlobalSection(SolutionProperties) = preSolution
		HideSolutionNode = FALSE
	EndGlobalSection
	GlobalSection(ExtensibilityGlobals) = postSolution
		SolutionGuid = {740C54F1-E3AE-4FAF-A77E-3F53EA9566C2}
	EndGlobalSection
EndGlobal
